
Microsoft Visual Studio Solution File, Format Version 12.00
# Visual Studio Version 17
VisualStudioVersion = 17.1.32319.34
MinimumVisualStudioVersion = 10.0.40219.1
Project("{FAE04EC0-301F-11D3-BF4B-00C04F79EFBC}") = "Metodos_Construtores_e_Destrutores", "Metodos_Construtores_e_Destrutores\Metodos_Construtores_e_Destrutores.csproj", "{5CFB7B4B-3A5F-4DFA-BB18-DB5B5FF8A7E4}"
EndProject
Global
	GlobalSection(SolutionConfigurationPlatforms) = preSolution
		Debug|Any CPU = Debug|Any CPU
		Release|Any CPU = Release|Any CPU
	EndGlobalSection
	GlobalSection(ProjectConfigurationPlatforms) = postSolution
		{5CFB7B4B-3A5F-4DFA-BB18-DB5B5FF8A7E4}.Debug|Any CPU.ActiveCfg = Debug|Any CPU
		{5CFB7B4B-3A5F-4DFA-BB18-DB5B5FF8A7E4}.Debug|Any CPU.Build.0 = Debug|Any CPU
		{5CFB7B4B-3A5F-4DFA-BB18-DB5B5FF8A7E4}.Release|Any CPU.ActiveCfg = Release|Any CPU
		{5CFB7B4B-3A5F-4DFA-BB18-DB5B5FF8A7E4}.Release|Any CPU.Build.0 = Release|Any CPU
	EndGlobalSection
	GlobalSection(SolutionProperties) = preSolution
		HideSolutionNode = FALSE
	EndGlobalSection
	GlobalSection(ExtensibilityGlobals) = postSolution
		SolutionGuid = {E4077337-9113-4FFC-B4EF-5E9660D99E8C}
	EndGlobalSection
EndGlobal
