
Microsoft Visual Studio Solution File, Format Version 12.00
# Visual Studio Version 17
VisualStudioVersion = 17.1.32319.34
MinimumVisualStudioVersion = 10.0.40219.1
Project("{FAE04EC0-301F-11D3-BF4B-00C04F79EFBC}") = "Metodos", "Metodos\Metodos.csproj", "{BB9E4D1B-9432-40FB-82EF-61F65B0C2297}"
EndProject
Global
	GlobalSection(SolutionConfigurationPlatforms) = preSolution
		Debug|Any CPU = Debug|Any CPU
		Release|Any CPU = Release|Any CPU
	EndGlobalSection
	GlobalSection(ProjectConfigurationPlatforms) = postSolution
		{BB9E4D1B-9432-40FB-82EF-61F65B0C2297}.Debug|Any CPU.ActiveCfg = Debug|Any CPU
		{BB9E4D1B-9432-40FB-82EF-61F65B0C2297}.Debug|Any CPU.Build.0 = Debug|Any CPU
		{BB9E4D1B-9432-40FB-82EF-61F65B0C2297}.Release|Any CPU.ActiveCfg = Release|Any CPU
		{BB9E4D1B-9432-40FB-82EF-61F65B0C2297}.Release|Any CPU.Build.0 = Release|Any CPU
	EndGlobalSection
	GlobalSection(SolutionProperties) = preSolution
		HideSolutionNode = FALSE
	EndGlobalSection
	GlobalSection(ExtensibilityGlobals) = postSolution
		SolutionGuid = {3D247963-EE78-42EA-8D56-D4CAFCA5BCA5}
	EndGlobalSection
EndGlobal
