
Microsoft Visual Studio Solution File, Format Version 12.00
# Visual Studio Version 17
VisualStudioVersion = 17.1.32319.34
MinimumVisualStudioVersion = 10.0.40219.1
Project("{FAE04EC0-301F-11D3-BF4B-00C04F79EFBC}") = "Argumento Out", "Argumento Out\Argumento Out.csproj", "{96756C5F-22C8-46EB-A1F3-98A25172E19D}"
EndProject
Global
	GlobalSection(SolutionConfigurationPlatforms) = preSolution
		Debug|Any CPU = Debug|Any CPU
		Release|Any CPU = Release|Any CPU
	EndGlobalSection
	GlobalSection(ProjectConfigurationPlatforms) = postSolution
		{96756C5F-22C8-46EB-A1F3-98A25172E19D}.Debug|Any CPU.ActiveCfg = Debug|Any CPU
		{96756C5F-22C8-46EB-A1F3-98A25172E19D}.Debug|Any CPU.Build.0 = Debug|Any CPU
		{96756C5F-22C8-46EB-A1F3-98A25172E19D}.Release|Any CPU.ActiveCfg = Release|Any CPU
		{96756C5F-22C8-46EB-A1F3-98A25172E19D}.Release|Any CPU.Build.0 = Release|Any CPU
	EndGlobalSection
	GlobalSection(SolutionProperties) = preSolution
		HideSolutionNode = FALSE
	EndGlobalSection
	GlobalSection(ExtensibilityGlobals) = postSolution
		SolutionGuid = {9168F3AF-5408-47A5-AE78-C1EDC918A1D4}
	EndGlobalSection
EndGlobal
